// !$*UTF8*$!
{
	archiveVersion = 1;
	classes = {
	};
	objectVersion = 50;
	objects = {

/* Begin PBXBuildFile section */
		440FC5DB22DCB39200A78C33 /* AppDelegate.swift in Sources */ = {isa = PBXBuildFile; fileRef = 440FC5DA22DCB39200A78C33 /* AppDelegate.swift */; };
		440FC5DD22DCB39200A78C33 /* ViewController.swift in Sources */ = {isa = PBXBuildFile; fileRef = 440FC5DC22DCB39200A78C33 /* ViewController.swift */; };
		440FC5E022DCB39200A78C33 /* Main.storyboard in Resources */ = {isa = PBXBuildFile; fileRef = 440FC5DE22DCB39200A78C33 /* Main.storyboard */; };
		440FC5E222DCB39600A78C33 /* Assets.xcassets in Resources */ = {isa = PBXBuildFile; fileRef = 440FC5E122DCB39600A78C33 /* Assets.xcassets */; };
		440FC5E522DCB39600A78C33 /* LaunchScreen.storyboard in Resources */ = {isa = PBXBuildFile; fileRef = 440FC5E322DCB39600A78C33 /* LaunchScreen.storyboard */; };
/* End PBXBuildFile section */

/* Begin PBXFileReference section */
		440FC5D722DCB39200A78C33 /* HandsoffApp.app */ = {isa = PBXFileReference; explicitFileType = wrapper.application; includeInIndex = 0; path = HandsoffApp.app; sourceTree = BUILT_PRODUCTS_DIR; };
		440FC5DA22DCB39200A78C33 /* AppDelegate.swift */ = {isa = PBXFileReference; lastKnownFileType = sourcecode.swift; path = AppDelegate.swift; sourceTree = "<group>"; };
		440FC5DC22DCB39200A78C33 /* ViewController.swift */ = {isa = PBXFileReference; lastKnownFileType = sourcecode.swift; path = ViewController.swift; sourceTree = "<group>"; };
		440FC5DF22DCB39200A78C33 /* Base */ = {isa = PBXFileReference; lastKnownFileType = file.storyboard; name = Base; path = Base.lproj/Main.storyboard; sourceTree = "<group>"; };
		440FC5E122DCB39600A78C33 /* Assets.xcassets */ = {isa = PBXFileReference; lastKnownFileType = folder.assetcatalog; path = Assets.xcassets; sourceTree = "<group>"; };
		440FC5E422DCB39600A78C33 /* Base */ = {isa = PBXFileReference; lastKnownFileType = file.storyboard; name = Base; path = Base.lproj/LaunchScreen.storyboard; sourceTree = "<group>"; };
		440FC5E622DCB39600A78C33 /* Info.plist */ = {isa = PBXFileReference; lastKnownFileType = text.plist.xml; path = Info.plist; sourceTree = "<group>"; };
/* End PBXFileReference section */

/* Begin PBXFrameworksBuildPhase section */
		440FC5D422DCB39200A78C33 /* Frameworks */ = {
			isa = PBXFrameworksBuildPhase;
			buildActionMask = 2147483647;
			files = (
			);
			runOnlyForDeploymentPostprocessing = 0;
		};
/* End PBXFrameworksBuildPhase section */

/* Begin PBXGroup section */
		440FC5CE22DCB39200A78C33 = {
			isa = PBXGroup;
			children = (
				440FC5D922DCB39200A78C33 /* HandsoffApp */,
				440FC5D822DCB39200A78C33 /* Products */,
			);
			sourceTree = "<group>";
		};
		440FC5D822DCB39200A78C33 /* Products */ = {
			isa = PBXGroup;
			children = (
				440FC5D722DCB39200A78C33 /* HandsoffApp.app */,
			);
			name = Products;
			sourceTree = "<group>";
		};
		440FC5D922DCB39200A78C33 /* HandsoffApp */ = {
			isa = PBXGroup;
			children = (
				440FC5DA22DCB39200A78C33 /* AppDelegate.swift */,
				440FC5DC22DCB39200A78C33 /* ViewController.swift */,
				440FC5DE22DCB39200A78C33 /* Main.storyboard */,
				440FC5E122DCB39600A78C33 /* Assets.xcassets */,
				440FC5E322DCB39600A78C33 /* LaunchScreen.storyboard */,
				440FC5E622DCB39600A78C33 /* Info.plist */,
			);
			path = HandsoffApp;
			sourceTree = "<group>";
		};
/* End PBXGroup section */

/* Begin PBXNativeTarget section */
		440FC5D622DCB39200A78C33 /* HandsoffApp */ = {
			isa = PBXNativeTarget;
			buildConfigurationList = 440FC5E922DCB39600A78C33 /* Build configuration list for PBXNativeTarget "HandsoffApp" */;
			buildPhases = (
				440FC5D322DCB39200A78C33 /* Sources */,
				440FC5D422DCB39200A78C33 /* Frameworks */,
				440FC5D522DCB39200A78C33 /* Resources */,
			);
			buildRules = (
			);
			dependencies = (
			);
			name = HandsoffApp;
			productName = HandsoffApp;
			productReference = 440FC5D722DCB39200A78C33 /* HandsoffApp.app */;
			productType = "com.apple.product-type.application";
		};
/* End PBXNativeTarget section */

/* Begin PBXProject section */
		440FC5CF22DCB39200A78C33 /* Project object */ = {
			isa = PBXProject;
			attributes = {
				LastSwiftUpdateCheck = 1010;
				LastUpgradeCheck = 1010;
				ORGANIZATIONNAME = MangoApps;
				TargetAttributes = {
					440FC5D622DCB39200A78C33 = {
						CreatedOnToolsVersion = 10.1;
					};
				};
			};
			buildConfigurationList = 440FC5D222DCB39200A78C33 /* Build configuration list for PBXProject "HandsoffApp" */;
			compatibilityVersion = "Xcode 9.3";
			developmentRegion = en;
			hasScannedForEncodings = 0;
			knownRegions = (
				en,
				Base,
			);
			mainGroup = 440FC5CE22DCB39200A78C33;
			productRefGroup = 440FC5D822DCB39200A78C33 /* Products */;
			projectDirPath = "";
			projectRoot = "";
			targets = (
				440FC5D622DCB39200A78C33 /* HandsoffApp */,
			);
		};
/* End PBXProject section */

/* Begin PBXResourcesBuildPhase section */
		440FC5D522DCB39200A78C33 /* Resources */ = {
			isa = PBXResourcesBuildPhase;
			buildActionMask = 2147483647;
			files = (
				440FC5E522DCB39600A78C33 /* LaunchScreen.storyboard in Resources */,
				440FC5E222DCB39600A78C33 /* Assets.xcassets in Resources */,
				440FC5E022DCB39200A78C33 /* Main.storyboard in Resources */,
			);
			runOnlyForDeploymentPostprocessing = 0;
		};
/* End PBXResourcesBuildPhase section */

/* Begin PBXSourcesBuildPhase section */
		440FC5D322DCB39200A78C33 /* Sources */ = {
			isa = PBXSourcesBuildPhase;
			buildActionMask = 2147483647;
			files = (
				440FC5DD22DCB39200A78C33 /* ViewController.swift in Sources */,
				440FC5DB22DCB39200A78C33 /* AppDelegate.swift in Sources */,
			);
			runOnlyForDeploymentPostprocessing = 0;
		};
/* End PBXSourcesBuildPhase section */

/* Begin PBXVariantGroup section */
		440FC5DE22DCB39200A78C33 /* Main.storyboard */ = {
			isa = PBXVariantGroup;
			children = (
				440FC5DF22DCB39200A78C33 /* Base */,
			);
			name = Main.storyboard;
			sourceTree = "<group>";
		};
		440FC5E322DCB39600A78C33 /* LaunchScreen.storyboard */ = {
			isa = PBXVariantGroup;
			children = (
				440FC5E422DCB39600A78C33 /* Base */,
			);
			name = LaunchScreen.storyboard;
			sourceTree = "<group>";
		};
/* End PBXVariantGroup section */

/* Begin XCBuildConfiguration section */
		440FC5E722DCB39600A78C33 /* Debug */ = {
			isa = XCBuildConfiguration;
			buildSettings = {
				ALWAYS_SEARCH_USER_PATHS = NO;
				CLANG_ANALYZER_NONNULL = YES;
				CLANG_ANALYZER_NUMBER_OBJECT_CONVERSION = YES_AGGRESSIVE;
				CLANG_CXX_LANGUAGE_STANDARD = "gnu++14";
				CLANG_CXX_LIBRARY = "libc++";
				CLANG_ENABLE_MODULES = YES;
				CLANG_ENABLE_OBJC_ARC = YES;
				CLANG_ENABLE_OBJC_WEAK = YES;
				CLANG_WARN_BLOCK_CAPTURE_AUTORELEASING = YES;
				CLANG_WARN_BOOL_CONVERSION = YES;
				CLANG_WARN_COMMA = YES;
				CLANG_WARN_CONSTANT_CONVERSION = YES;
				CLANG_WARN_DEPRECATED_OBJC_IMPLEMENTATIONS = YES;
				CLANG_WARN_DIRECT_OBJC_ISA_USAGE = YES_ERROR;
				CLANG_WARN_DOCUMENTATION_COMMENTS = YES;
				CLANG_WARN_EMPTY_BODY = YES;
				CLANG_WARN_ENUM_CONVERSION = YES;
				CLANG_WARN_INFINITE_RECURSION = YES;
				CLANG_WARN_INT_CONVERSION = YES;
				CLANG_WARN_NON_LITERAL_NULL_CONVERSION = YES;
				CLANG_WARN_OBJC_IMPLICIT_RETAIN_SELF = YES;
				CLANG_WARN_OBJC_LITERAL_CONVERSION = YES;
				CLANG_WARN_OBJC_ROOT_CLASS = YES_ERROR;
				CLANG_WARN_RANGE_LOOP_ANALYSIS = YES;
				CLANG_WARN_STRICT_PROTOTYPES = YES;
				CLANG_WARN_SUSPICIOUS_MOVE = YES;
				CLANG_WARN_UNGUARDED_AVAILABILITY = YES_AGGRESSIVE;
				CLANG_WARN_UNREACHABLE_CODE = YES;
				CLANG_WARN__DUPLICATE_METHOD_MATCH = YES;
				CODE_SIGN_IDENTITY = "iPhone Developer";
				COPY_PHASE_STRIP = NO;
				DEBUG_INFORMATION_FORMAT = dwarf;
				ENABLE_STRICT_OBJC_MSGSEND = YES;
				ENABLE_TESTABILITY = YES;
				GCC_C_LANGUAGE_STANDARD = gnu11;
				GCC_DYNAMIC_NO_PIC = NO;
				GCC_NO_COMMON_BLOCKS = YES;
				GCC_OPTIMIZATION_LEVEL = 0;
				GCC_PREPROCESSOR_DEFINITIONS = (
					"DEBUG=1",
					"$(inherited)",
				);
				GCC_WARN_64_TO_32_BIT_CONVERSION = YES;
				GCC_WARN_ABOUT_RETURN_TYPE = YES_ERROR;
				GCC_WARN_UNDECLARED_SELECTOR = YES;
				GCC_WARN_UNINITIALIZED_AUTOS = YES_AGGRESSIVE;
				GCC_WARN_UNUSED_FUNCTION = YES;
				GCC_WARN_UNUSED_VARIABLE = YES;
				IPHONEOS_DEPLOYMENT_TARGET = 12.1;
				MTL_ENABLE_DEBUG_INFO = INCLUDE_SOURCE;
				MTL_FAST_MATH = YES;
				ONLY_ACTIVE_ARCH = YES;
				SDKROOT = iphoneos;
				SWIFT_ACTIVE_COMPILATION_CONDITIONS = DEBUG;
				SWIFT_OPTIMIZATION_LEVEL = "-Onone";
			};
			name = Debug;
		};
		440FC5E822DCB39600A78C33 /* Release */ = {
			isa = XCBuildConfiguration;
			buildSettings = {
				ALWAYS_SEARCH_USER_PATHS = NO;
				CLANG_ANALYZER_NONNULL = YES;
				CLANG_ANALYZER_NUMBER_OBJECT_CONVERSION = YES_AGGRESSIVE;
				CLANG_CXX_LANGUAGE_STANDARD = "gnu++14";
				CLANG_CXX_LIBRARY = "libc++";
				CLANG_ENABLE_MODULES = YES;
				CLANG_ENABLE_OBJC_ARC = YES;
				CLANG_ENABLE_OBJC_WEAK = YES;
				CLANG_WARN_BLOCK_CAPTURE_AUTORELEASING = YES;
				CLANG_WARN_BOOL_CONVERSION = YES;
				CLANG_WARN_COMMA = YES;
				CLANG_WARN_CONSTANT_CONVERSION = YES;
				CLANG_WARN_DEPRECATED_OBJC_IMPLEMENTATIONS = YES;
				CLANG_WARN_DIRECT_OBJC_ISA_USAGE = YES_ERROR;
				CLANG_WARN_DOCUMENTATION_COMMENTS = YES;
				CLANG_WARN_EMPTY_BODY = YES;
				CLANG_WARN_ENUM_CONVERSION = YES;
				CLANG_WARN_INFINITE_RECURSION = YES;
				CLANG_WARN_INT_CONVERSION = YES;
				CLANG_WARN_NON_LITERAL_NULL_CONVERSION = YES;
				CLANG_WARN_OBJC_IMPLICIT_RETAIN_SELF = YES;
				CLANG_WARN_OBJC_LITERAL_CONVERSION = YES;
				CLANG_WARN_OBJC_ROOT_CLASS = YES_ERROR;
				CLANG_WARN_RANGE_LOOP_ANALYSIS = YES;
				CLANG_WARN_STRICT_PROTOTYPES = YES;
				CLANG_WARN_SUSPICIOUS_MOVE = YES;
				CLANG_WARN_UNGUARDED_AVAILABILITY = YES_AGGRESSIVE;
				CLANG_WARN_UNREACHABLE_CODE = YES;
				CLANG_WARN__DUPLICATE_METHOD_MATCH = YES;
				CODE_SIGN_IDENTITY = "iPhone Developer";
				COPY_PHASE_STRIP = NO;
				DEBUG_INFORMATION_FORMAT = "dwarf-with-dsym";
				ENABLE_NS_ASSERTIONS = NO;
				ENABLE_STRICT_OBJC_MSGSEND = YES;
				GCC_C_LANGUAGE_STANDARD = gnu11;
				GCC_NO_COMMON_BLOCKS = YES;
				GCC_WARN_64_TO_32_BIT_CONVERSION = YES;
				GCC_WARN_ABOUT_RETURN_TYPE = YES_ERROR;
				GCC_WARN_UNDECLARED_SELECTOR = YES;
				GCC_WARN_UNINITIALIZED_AUTOS = YES_AGGRESSIVE;
				GCC_WARN_UNUSED_FUNCTION = YES;
				GCC_WARN_UNUSED_VARIABLE = YES;
				IPHONEOS_DEPLOYMENT_TARGET = 12.1;
				MTL_ENABLE_DEBUG_INFO = NO;
				MTL_FAST_MATH = YES;
				SDKROOT = iphoneos;
				SWIFT_COMPILATION_MODE = wholemodule;
				SWIFT_OPTIMIZATION_LEVEL = "-O";
				VALIDATE_PRODUCT = YES;
			};
			name = Release;
		};
		440FC5EA22DCB39600A78C33 /* Debug */ = {
			isa = XCBuildConfiguration;
			buildSettings = {
				ASSETCATALOG_COMPILER_APPICON_NAME = AppIcon;
				CODE_SIGN_IDENTITY = "iPhone Developer";
				CODE_SIGN_STYLE = Manual;
				CURRENT_PROJECT_VERSION = 3;
				DEVELOPMENT_TEAM = 2KN5HET866;
				INFOPLIST_FILE = HandsoffApp/Info.plist;
				IPHONEOS_DEPLOYMENT_TARGET = 11.0;
				LD_RUNPATH_SEARCH_PATHS = (
					"$(inherited)",
					"@executable_path/Frameworks",
				);
				PRODUCT_BUNDLE_IDENTIFIER = com.mangoapps.fastlaneHandsoffApp;
				PRODUCT_NAME = "$(TARGET_NAME)";
				PROVISIONING_PROFILE = "bc330cf0-dc5b-4afc-93e9-5fe35f31c1cd";
				PROVISIONING_PROFILE_SPECIFIER = "Fastlane HandsOff";
				SWIFT_VERSION = 4.2;
				TARGETED_DEVICE_FAMILY = "1,2";
			};
			name = Debug;
		};
		440FC5EB22DCB39600A78C33 /* Release */ = {
			isa = XCBuildConfiguration;
			buildSettings = {
				ASSETCATALOG_COMPILER_APPICON_NAME = AppIcon;
				CODE_SIGN_IDENTITY = "iPhone Developer";
				CODE_SIGN_STYLE = Manual;
				CURRENT_PROJECT_VERSION = 3;
				DEVELOPMENT_TEAM = 2KN5HET866;
				INFOPLIST_FILE = HandsoffApp/Info.plist;
				IPHONEOS_DEPLOYMENT_TARGET = 11.0;
				LD_RUNPATH_SEARCH_PATHS = (
					"$(inherited)",
					"@executable_path/Frameworks",
				);
				PRODUCT_BUNDLE_IDENTIFIER = com.mangoapps.fastlaneHandsoffApp;
				PRODUCT_NAME = "$(TARGET_NAME)";
				PROVISIONING_PROFILE = "bc330cf0-dc5b-4afc-93e9-5fe35f31c1cd";
				PROVISIONING_PROFILE_SPECIFIER = "Fastlane HandsOff";
				SWIFT_VERSION = 4.2;
				TARGETED_DEVICE_FAMILY = "1,2";
			};
			name = Release;
		};
/* End XCBuildConfiguration section */

/* Begin XCConfigurationList section */
		440FC5D222DCB39200A78C33 /* Build configuration list for PBXProject "HandsoffApp" */ = {
			isa = XCConfigurationList;
			buildConfigurations = (
				440FC5E722DCB39600A78C33 /* Debug */,
				440FC5E822DCB39600A78C33 /* Release */,
			);
			defaultConfigurationIsVisible = 0;
			defaultConfigurationName = Release;
		};
		440FC5E922DCB39600A78C33 /* Build configuration list for PBXNativeTarget "HandsoffApp" */ = {
			isa = XCConfigurationList;
			buildConfigurations = (
				440FC5EA22DCB39600A78C33 /* Debug */,
				440FC5EB22DCB39600A78C33 /* Release */,
			);
			defaultConfigurationIsVisible = 0;
			defaultConfigurationName = Release;
		};
/* End XCConfigurationList section */
	};
	rootObject = 440FC5CF22DCB39200A78C33 /* Project object */;
}
